# @generated by Move, please check-in and do not edit manually.

[move]
version = 3
manifest_digest = "44FB05455045202B8988EB4B29502874E30FC65E546E92B62914316E06121F80"
deps_digest = "F8BBB0CCB2491CA29A3DF03D6F92277A4F3574266507ACD77214D37ECA3F3082"
dependencies = [
  { id = "Sui", name = "Sui" },
]

[[move.package]]
id = "MoveStdlib"
source = { git = "https://github.com/MystenLabs/sui.git", rev = "framework/testnet", subdir = "crates/sui-framework/packages/move-stdlib" }

[[move.package]]
id = "Sui"
source = { git = "https://github.com/MystenLabs/sui.git", rev = "framework/testnet", subdir = "crates/sui-framework/packages/sui-framework" }

dependencies = [
  { id = "MoveStdlib", name = "MoveStdlib" },
]

[move.toolchain-version]
compiler-version = "1.48.1"
edition = "2024.beta"
flavor = "sui"

[env]

[env.testnet]
chain-id = "4c78adac"
original-published-id = "0xb51aeddb0d729347414dff899e95196cf9d91dc87c7af3643ea8787ea3c294d7"
latest-published-id = "0xb51aeddb0d729347414dff899e95196cf9d91dc87c7af3643ea8787ea3c294d7"
published-version = "1"
